// !$*UTF8*$!
{
	archiveVersion = 1;
	classes = {
	};
	objectVersion = 50;
	objects = {

/* Begin PBXBuildFile section */
		5A0A940C3F6A8518454AF5FB /* Pods_NotesNew.framework in Frameworks */ = {isa = PBXBuildFile; fileRef = 2DC74E9605D0CEFD3FAF3249 /* Pods_NotesNew.framework */; };
		8721E3AF21A0AB18007C227F /* AppDelegate.swift in Sources */ = {isa = PBXBuildFile; fileRef = 8721E3AE21A0AB18007C227F /* AppDelegate.swift */; };
		8721E3B121A0AB18007C227F /* ViewController.swift in Sources */ = {isa = PBXBuildFile; fileRef = 8721E3B021A0AB18007C227F /* ViewController.swift */; };
		8721E3B421A0AB18007C227F /* Main.storyboard in Resources */ = {isa = PBXBuildFile; fileRef = 8721E3B221A0AB18007C227F /* Main.storyboard */; };
		8721E3B621A0AB1B007C227F /* Assets.xcassets in Resources */ = {isa = PBXBuildFile; fileRef = 8721E3B521A0AB1B007C227F /* Assets.xcassets */; };
		8721E3B921A0AB1B007C227F /* LaunchScreen.storyboard in Resources */ = {isa = PBXBuildFile; fileRef = 8721E3B721A0AB1B007C227F /* LaunchScreen.storyboard */; };
		8721E3C421A0AB1B007C227F /* NotesNewTests.swift in Sources */ = {isa = PBXBuildFile; fileRef = 8721E3C321A0AB1B007C227F /* NotesNewTests.swift */; };
		8721E3CF21A0AB1B007C227F /* NotesNewUITests.swift in Sources */ = {isa = PBXBuildFile; fileRef = 8721E3CE21A0AB1B007C227F /* NotesNewUITests.swift */; };
		872E53FF21A4BC2300770C2E /* Note.swift in Sources */ = {isa = PBXBuildFile; fileRef = 872E53FE21A4BC2300770C2E /* Note.swift */; };
		87F808DF21A21E050070AC4B /* awsconfiguration.json in Resources */ = {isa = PBXBuildFile; fileRef = 87F808DE21A21E050070AC4B /* awsconfiguration.json */; };
		9244ED453F41974ED4E61BF1 /* Pods_NotesNewTests.framework in Frameworks */ = {isa = PBXBuildFile; fileRef = FFB080C5F56CAB160F66DBDB /* Pods_NotesNewTests.framework */; };
		F720FB3182A17607D0102455 /* Pods_NotesNewUITests.framework in Frameworks */ = {isa = PBXBuildFile; fileRef = 8F1EC9A5C2D4883FD2072652 /* Pods_NotesNewUITests.framework */; };
/* End PBXBuildFile section */

/* Begin PBXContainerItemProxy section */
		8721E3C021A0AB1B007C227F /* PBXContainerItemProxy */ = {
			isa = PBXContainerItemProxy;
			containerPortal = 8721E3A321A0AB18007C227F /* Project object */;
			proxyType = 1;
			remoteGlobalIDString = 8721E3AA21A0AB18007C227F;
			remoteInfo = NotesNew;
		};
		8721E3CB21A0AB1B007C227F /* PBXContainerItemProxy */ = {
			isa = PBXContainerItemProxy;
			containerPortal = 8721E3A321A0AB18007C227F /* Project object */;
			proxyType = 1;
			remoteGlobalIDString = 8721E3AA21A0AB18007C227F;
			remoteInfo = NotesNew;
		};
/* End PBXContainerItemProxy section */

/* Begin PBXFileReference section */
		09354E2CEA87B26D620A97A5 /* Pods-NotesNew.debug.xcconfig */ = {isa = PBXFileReference; includeInIndex = 1; lastKnownFileType = text.xcconfig; name = "Pods-NotesNew.debug.xcconfig"; path = "Pods/Target Support Files/Pods-NotesNew/Pods-NotesNew.debug.xcconfig"; sourceTree = "<group>"; };
		11BAFAE5B5FA6915F3A81C01 /* Pods-NotesNewTests.release.xcconfig */ = {isa = PBXFileReference; includeInIndex = 1; lastKnownFileType = text.xcconfig; name = "Pods-NotesNewTests.release.xcconfig"; path = "Pods/Target Support Files/Pods-NotesNewTests/Pods-NotesNewTests.release.xcconfig"; sourceTree = "<group>"; };
		23312F3BFE93C3AB52B228AC /* Pods-NotesNewTests.debug.xcconfig */ = {isa = PBXFileReference; includeInIndex = 1; lastKnownFileType = text.xcconfig; name = "Pods-NotesNewTests.debug.xcconfig"; path = "Pods/Target Support Files/Pods-NotesNewTests/Pods-NotesNewTests.debug.xcconfig"; sourceTree = "<group>"; };
		2DC74E9605D0CEFD3FAF3249 /* Pods_NotesNew.framework */ = {isa = PBXFileReference; explicitFileType = wrapper.framework; includeInIndex = 0; path = Pods_NotesNew.framework; sourceTree = BUILT_PRODUCTS_DIR; };
		3D32C2CDBDDC67BF91A7B6AF /* Pods-NotesNewUITests.release.xcconfig */ = {isa = PBXFileReference; includeInIndex = 1; lastKnownFileType = text.xcconfig; name = "Pods-NotesNewUITests.release.xcconfig"; path = "Pods/Target Support Files/Pods-NotesNewUITests/Pods-NotesNewUITests.release.xcconfig"; sourceTree = "<group>"; };
		5F53C87BD8F7B9CEC3971AD5 /* Pods-NotesNewUITests.debug.xcconfig */ = {isa = PBXFileReference; includeInIndex = 1; lastKnownFileType = text.xcconfig; name = "Pods-NotesNewUITests.debug.xcconfig"; path = "Pods/Target Support Files/Pods-NotesNewUITests/Pods-NotesNewUITests.debug.xcconfig"; sourceTree = "<group>"; };
		8721E3AB21A0AB18007C227F /* NotesNew.app */ = {isa = PBXFileReference; explicitFileType = wrapper.application; includeInIndex = 0; path = NotesNew.app; sourceTree = BUILT_PRODUCTS_DIR; };
		8721E3AE21A0AB18007C227F /* AppDelegate.swift */ = {isa = PBXFileReference; lastKnownFileType = sourcecode.swift; path = AppDelegate.swift; sourceTree = "<group>"; };
		8721E3B021A0AB18007C227F /* ViewController.swift */ = {isa = PBXFileReference; lastKnownFileType = sourcecode.swift; path = ViewController.swift; sourceTree = "<group>"; };
		8721E3B321A0AB18007C227F /* Base */ = {isa = PBXFileReference; lastKnownFileType = file.storyboard; name = Base; path = Base.lproj/Main.storyboard; sourceTree = "<group>"; };
		8721E3B521A0AB1B007C227F /* Assets.xcassets */ = {isa = PBXFileReference; lastKnownFileType = folder.assetcatalog; path = Assets.xcassets; sourceTree = "<group>"; };
		8721E3B821A0AB1B007C227F /* Base */ = {isa = PBXFileReference; lastKnownFileType = file.storyboard; name = Base; path = Base.lproj/LaunchScreen.storyboard; sourceTree = "<group>"; };
		8721E3BA21A0AB1B007C227F /* Info.plist */ = {isa = PBXFileReference; lastKnownFileType = text.plist.xml; path = Info.plist; sourceTree = "<group>"; };
		8721E3BF21A0AB1B007C227F /* NotesNewTests.xctest */ = {isa = PBXFileReference; explicitFileType = wrapper.cfbundle; includeInIndex = 0; path = NotesNewTests.xctest; sourceTree = BUILT_PRODUCTS_DIR; };
		8721E3C321A0AB1B007C227F /* NotesNewTests.swift */ = {isa = PBXFileReference; lastKnownFileType = sourcecode.swift; path = NotesNewTests.swift; sourceTree = "<group>"; };
		8721E3C521A0AB1B007C227F /* Info.plist */ = {isa = PBXFileReference; lastKnownFileType = text.plist.xml; path = Info.plist; sourceTree = "<group>"; };
		8721E3CA21A0AB1B007C227F /* NotesNewUITests.xctest */ = {isa = PBXFileReference; explicitFileType = wrapper.cfbundle; includeInIndex = 0; path = NotesNewUITests.xctest; sourceTree = BUILT_PRODUCTS_DIR; };
		8721E3CE21A0AB1B007C227F /* NotesNewUITests.swift */ = {isa = PBXFileReference; lastKnownFileType = sourcecode.swift; path = NotesNewUITests.swift; sourceTree = "<group>"; };
		8721E3D021A0AB1B007C227F /* Info.plist */ = {isa = PBXFileReference; lastKnownFileType = text.plist.xml; path = Info.plist; sourceTree = "<group>"; };
		872E53FE21A4BC2300770C2E /* Note.swift */ = {isa = PBXFileReference; fileEncoding = 4; lastKnownFileType = sourcecode.swift; name = Note.swift; path = Models/NoSQL/Note.swift; sourceTree = "<group>"; };
		87F808DE21A21E050070AC4B /* awsconfiguration.json */ = {isa = PBXFileReference; fileEncoding = 4; lastKnownFileType = text.json; name = awsconfiguration.json; path = ../../../../Downloads/awsconfiguration.json; sourceTree = "<group>"; };
		8F1EC9A5C2D4883FD2072652 /* Pods_NotesNewUITests.framework */ = {isa = PBXFileReference; explicitFileType = wrapper.framework; includeInIndex = 0; path = Pods_NotesNewUITests.framework; sourceTree = BUILT_PRODUCTS_DIR; };
		B6791416C65992C355D11208 /* Pods-NotesNew.release.xcconfig */ = {isa = PBXFileReference; includeInIndex = 1; lastKnownFileType = text.xcconfig; name = "Pods-NotesNew.release.xcconfig"; path = "Pods/Target Support Files/Pods-NotesNew/Pods-NotesNew.release.xcconfig"; sourceTree = "<group>"; };
		FFB080C5F56CAB160F66DBDB /* Pods_NotesNewTests.framework */ = {isa = PBXFileReference; explicitFileType = wrapper.framework; includeInIndex = 0; path = Pods_NotesNewTests.framework; sourceTree = BUILT_PRODUCTS_DIR; };
/* End PBXFileReference section */

/* Begin PBXFrameworksBuildPhase section */
		8721E3A821A0AB18007C227F /* Frameworks */ = {
			isa = PBXFrameworksBuildPhase;
			buildActionMask = 2147483647;
			files = (
				5A0A940C3F6A8518454AF5FB /* Pods_NotesNew.framework in Frameworks */,
			);
			runOnlyForDeploymentPostprocessing = 0;
		};
		8721E3BC21A0AB1B007C227F /* Frameworks */ = {
			isa = PBXFrameworksBuildPhase;
			buildActionMask = 2147483647;
			files = (
				9244ED453F41974ED4E61BF1 /* Pods_NotesNewTests.framework in Frameworks */,
			);
			runOnlyForDeploymentPostprocessing = 0;
		};
		8721E3C721A0AB1B007C227F /* Frameworks */ = {
			isa = PBXFrameworksBuildPhase;
			buildActionMask = 2147483647;
			files = (
				F720FB3182A17607D0102455 /* Pods_NotesNewUITests.framework in Frameworks */,
			);
			runOnlyForDeploymentPostprocessing = 0;
		};
/* End PBXFrameworksBuildPhase section */

/* Begin PBXGroup section */
		09FE3C19BE78D93DD854E485 /* Pods */ = {
			isa = PBXGroup;
			children = (
				09354E2CEA87B26D620A97A5 /* Pods-NotesNew.debug.xcconfig */,
				B6791416C65992C355D11208 /* Pods-NotesNew.release.xcconfig */,
				23312F3BFE93C3AB52B228AC /* Pods-NotesNewTests.debug.xcconfig */,
				11BAFAE5B5FA6915F3A81C01 /* Pods-NotesNewTests.release.xcconfig */,
				5F53C87BD8F7B9CEC3971AD5 /* Pods-NotesNewUITests.debug.xcconfig */,
				3D32C2CDBDDC67BF91A7B6AF /* Pods-NotesNewUITests.release.xcconfig */,
			);
			name = Pods;
			sourceTree = "<group>";
		};
		3E876BE838B53744EDF02D4E /* Frameworks */ = {
			isa = PBXGroup;
			children = (
				2DC74E9605D0CEFD3FAF3249 /* Pods_NotesNew.framework */,
				FFB080C5F56CAB160F66DBDB /* Pods_NotesNewTests.framework */,
				8F1EC9A5C2D4883FD2072652 /* Pods_NotesNewUITests.framework */,
			);
			name = Frameworks;
			sourceTree = "<group>";
		};
		8721E3A221A0AB18007C227F = {
			isa = PBXGroup;
			children = (
				8721E3AD21A0AB18007C227F /* NotesNew */,
				8721E3C221A0AB1B007C227F /* NotesNewTests */,
				8721E3CD21A0AB1B007C227F /* NotesNewUITests */,
				8721E3AC21A0AB18007C227F /* Products */,
				09FE3C19BE78D93DD854E485 /* Pods */,
				3E876BE838B53744EDF02D4E /* Frameworks */,
			);
			sourceTree = "<group>";
		};
		8721E3AC21A0AB18007C227F /* Products */ = {
			isa = PBXGroup;
			children = (
				8721E3AB21A0AB18007C227F /* NotesNew.app */,
				8721E3BF21A0AB1B007C227F /* NotesNewTests.xctest */,
				8721E3CA21A0AB1B007C227F /* NotesNewUITests.xctest */,
			);
			name = Products;
			sourceTree = "<group>";
		};
		8721E3AD21A0AB18007C227F /* NotesNew */ = {
			isa = PBXGroup;
			children = (
				872E53FE21A4BC2300770C2E /* Note.swift */,
				87F808DE21A21E050070AC4B /* awsconfiguration.json */,
				8721E3AE21A0AB18007C227F /* AppDelegate.swift */,
				8721E3B021A0AB18007C227F /* ViewController.swift */,
				8721E3B221A0AB18007C227F /* Main.storyboard */,
				8721E3B521A0AB1B007C227F /* Assets.xcassets */,
				8721E3B721A0AB1B007C227F /* LaunchScreen.storyboard */,
				8721E3BA21A0AB1B007C227F /* Info.plist */,
			);
			path = NotesNew;
			sourceTree = "<group>";
		};
		8721E3C221A0AB1B007C227F /* NotesNewTests */ = {
			isa = PBXGroup;
			children = (
				8721E3C321A0AB1B007C227F /* NotesNewTests.swift */,
				8721E3C521A0AB1B007C227F /* Info.plist */,
			);
			path = NotesNewTests;
			sourceTree = "<group>";
		};
		8721E3CD21A0AB1B007C227F /* NotesNewUITests */ = {
			isa = PBXGroup;
			children = (
				8721E3CE21A0AB1B007C227F /* NotesNewUITests.swift */,
				8721E3D021A0AB1B007C227F /* Info.plist */,
			);
			path = NotesNewUITests;
			sourceTree = "<group>";
		};
/* End PBXGroup section */

/* Begin PBXNativeTarget section */
		8721E3AA21A0AB18007C227F /* NotesNew */ = {
			isa = PBXNativeTarget;
			buildConfigurationList = 8721E3D321A0AB1B007C227F /* Build configuration list for PBXNativeTarget "NotesNew" */;
			buildPhases = (
				16CB0B825E4932E949DAFD52 /* [CP] Check Pods Manifest.lock */,
				8721E3A721A0AB18007C227F /* Sources */,
				8721E3A821A0AB18007C227F /* Frameworks */,
				8721E3A921A0AB18007C227F /* Resources */,
				F25FECE04AAA4A2EE6BDB8C3 /* [CP] Embed Pods Frameworks */,
				DAC0294E262CE4E784339A0F /* [CP] Copy Pods Resources */,
			);
			buildRules = (
			);
			dependencies = (
			);
			name = NotesNew;
			productName = NotesNew;
			productReference = 8721E3AB21A0AB18007C227F /* NotesNew.app */;
			productType = "com.apple.product-type.application";
		};
		8721E3BE21A0AB1B007C227F /* NotesNewTests */ = {
			isa = PBXNativeTarget;
			buildConfigurationList = 8721E3D621A0AB1B007C227F /* Build configuration list for PBXNativeTarget "NotesNewTests" */;
			buildPhases = (
				7E748F67E0337C5E27FE8416 /* [CP] Check Pods Manifest.lock */,
				8721E3BB21A0AB1B007C227F /* Sources */,
				8721E3BC21A0AB1B007C227F /* Frameworks */,
				8721E3BD21A0AB1B007C227F /* Resources */,
			);
			buildRules = (
			);
			dependencies = (
				8721E3C121A0AB1B007C227F /* PBXTargetDependency */,
			);
			name = NotesNewTests;
			productName = NotesNewTests;
			productReference = 8721E3BF21A0AB1B007C227F /* NotesNewTests.xctest */;
			productType = "com.apple.product-type.bundle.unit-test";
		};
		8721E3C921A0AB1B007C227F /* NotesNewUITests */ = {
			isa = PBXNativeTarget;
			buildConfigurationList = 8721E3D921A0AB1B007C227F /* Build configuration list for PBXNativeTarget "NotesNewUITests" */;
			buildPhases = (
				1A1512083B2DF27FA6C5C1F2 /* [CP] Check Pods Manifest.lock */,
				8721E3C621A0AB1B007C227F /* Sources */,
				8721E3C721A0AB1B007C227F /* Frameworks */,
				8721E3C821A0AB1B007C227F /* Resources */,
			);
			buildRules = (
			);
			dependencies = (
				8721E3CC21A0AB1B007C227F /* PBXTargetDependency */,
			);
			name = NotesNewUITests;
			productName = NotesNewUITests;
			productReference = 8721E3CA21A0AB1B007C227F /* NotesNewUITests.xctest */;
			productType = "com.apple.product-type.bundle.ui-testing";
		};
/* End PBXNativeTarget section */

/* Begin PBXProject section */
		8721E3A321A0AB18007C227F /* Project object */ = {
			isa = PBXProject;
			attributes = {
				LastSwiftUpdateCheck = 1010;
				LastUpgradeCheck = 1010;
				ORGANIZATIONNAME = "Smitha Kolan";
				TargetAttributes = {
					8721E3AA21A0AB18007C227F = {
						CreatedOnToolsVersion = 10.1;
					};
					8721E3BE21A0AB1B007C227F = {
						CreatedOnToolsVersion = 10.1;
						TestTargetID = 8721E3AA21A0AB18007C227F;
					};
					8721E3C921A0AB1B007C227F = {
						CreatedOnToolsVersion = 10.1;
						TestTargetID = 8721E3AA21A0AB18007C227F;
					};
				};
			};
			buildConfigurationList = 8721E3A621A0AB18007C227F /* Build configuration list for PBXProject "NotesNew" */;
			compatibilityVersion = "Xcode 9.3";
			developmentRegion = en;
			hasScannedForEncodings = 0;
			knownRegions = (
				en,
				Base,
			);
			mainGroup = 8721E3A221A0AB18007C227F;
			productRefGroup = 8721E3AC21A0AB18007C227F /* Products */;
			projectDirPath = "";
			projectRoot = "";
			targets = (
				8721E3AA21A0AB18007C227F /* NotesNew */,
				8721E3BE21A0AB1B007C227F /* NotesNewTests */,
				8721E3C921A0AB1B007C227F /* NotesNewUITests */,
			);
		};
/* End PBXProject section */

/* Begin PBXResourcesBuildPhase section */
		8721E3A921A0AB18007C227F /* Resources */ = {
			isa = PBXResourcesBuildPhase;
			buildActionMask = 2147483647;
			files = (
				87F808DF21A21E050070AC4B /* awsconfiguration.json in Resources */,
				8721E3B921A0AB1B007C227F /* LaunchScreen.storyboard in Resources */,
				8721E3B621A0AB1B007C227F /* Assets.xcassets in Resources */,
				8721E3B421A0AB18007C227F /* Main.storyboard in Resources */,
			);
			runOnlyForDeploymentPostprocessing = 0;
		};
		8721E3BD21A0AB1B007C227F /* Resources */ = {
			isa = PBXResourcesBuildPhase;
			buildActionMask = 2147483647;
			files = (
			);
			runOnlyForDeploymentPostprocessing = 0;
		};
		8721E3C821A0AB1B007C227F /* Resources */ = {
			isa = PBXResourcesBuildPhase;
			buildActionMask = 2147483647;
			files = (
			);
			runOnlyForDeploymentPostprocessing = 0;
		};
/* End PBXResourcesBuildPhase section */

/* Begin PBXShellScriptBuildPhase section */
		16CB0B825E4932E949DAFD52 /* [CP] Check Pods Manifest.lock */ = {
			isa = PBXShellScriptBuildPhase;
			buildActionMask = 2147483647;
			files = (
			);
			inputFileListPaths = (
			);
			inputPaths = (
				"${PODS_PODFILE_DIR_PATH}/Podfile.lock",
				"${PODS_ROOT}/Manifest.lock",
			);
			name = "[CP] Check Pods Manifest.lock";
			outputFileListPaths = (
			);
			outputPaths = (
				"$(DERIVED_FILE_DIR)/Pods-NotesNew-checkManifestLockResult.txt",
			);
			runOnlyForDeploymentPostprocessing = 0;
			shellPath = /bin/sh;
			shellScript = "diff \"${PODS_PODFILE_DIR_PATH}/Podfile.lock\" \"${PODS_ROOT}/Manifest.lock\" > /dev/null\nif [ $? != 0 ] ; then\n    # print error to STDERR\n    echo \"error: The sandbox is not in sync with the Podfile.lock. Run 'pod install' or update your CocoaPods installation.\" >&2\n    exit 1\nfi\n# This output is used by Xcode 'outputs' to avoid re-running this script phase.\necho \"SUCCESS\" > \"${SCRIPT_OUTPUT_FILE_0}\"\n";
			showEnvVarsInLog = 0;
		};
		1A1512083B2DF27FA6C5C1F2 /* [CP] Check Pods Manifest.lock */ = {
			isa = PBXShellScriptBuildPhase;
			buildActionMask = 2147483647;
			files = (
			);
			inputFileListPaths = (
			);
			inputPaths = (
				"${PODS_PODFILE_DIR_PATH}/Podfile.lock",
				"${PODS_ROOT}/Manifest.lock",
			);
			name = "[CP] Check Pods Manifest.lock";
			outputFileListPaths = (
			);
			outputPaths = (
				"$(DERIVED_FILE_DIR)/Pods-NotesNewUITests-checkManifestLockResult.txt",
			);
			runOnlyForDeploymentPostprocessing = 0;
			shellPath = /bin/sh;
			shellScript = "diff \"${PODS_PODFILE_DIR_PATH}/Podfile.lock\" \"${PODS_ROOT}/Manifest.lock\" > /dev/null\nif [ $? != 0 ] ; then\n    # print error to STDERR\n    echo \"error: The sandbox is not in sync with the Podfile.lock. Run 'pod install' or update your CocoaPods installation.\" >&2\n    exit 1\nfi\n# This output is used by Xcode 'outputs' to avoid re-running this script phase.\necho \"SUCCESS\" > \"${SCRIPT_OUTPUT_FILE_0}\"\n";
			showEnvVarsInLog = 0;
		};
		7E748F67E0337C5E27FE8416 /* [CP] Check Pods Manifest.lock */ = {
			isa = PBXShellScriptBuildPhase;
			buildActionMask = 2147483647;
			files = (
			);
			inputFileListPaths = (
			);
			inputPaths = (
				"${PODS_PODFILE_DIR_PATH}/Podfile.lock",
				"${PODS_ROOT}/Manifest.lock",
			);
			name = "[CP] Check Pods Manifest.lock";
			outputFileListPaths = (
			);
			outputPaths = (
				"$(DERIVED_FILE_DIR)/Pods-NotesNewTests-checkManifestLockResult.txt",
			);
			runOnlyForDeploymentPostprocessing = 0;
			shellPath = /bin/sh;
			shellScript = "diff \"${PODS_PODFILE_DIR_PATH}/Podfile.lock\" \"${PODS_ROOT}/Manifest.lock\" > /dev/null\nif [ $? != 0 ] ; then\n    # print error to STDERR\n    echo \"error: The sandbox is not in sync with the Podfile.lock. Run 'pod install' or update your CocoaPods installation.\" >&2\n    exit 1\nfi\n# This output is used by Xcode 'outputs' to avoid re-running this script phase.\necho \"SUCCESS\" > \"${SCRIPT_OUTPUT_FILE_0}\"\n";
			showEnvVarsInLog = 0;
		};
		DAC0294E262CE4E784339A0F /* [CP] Copy Pods Resources */ = {
			isa = PBXShellScriptBuildPhase;
			buildActionMask = 2147483647;
			files = (
			);
			inputFileListPaths = (
			);
			inputPaths = (
				"${SRCROOT}/Pods/Target Support Files/Pods-NotesNew/Pods-NotesNew-resources.sh",
				"${PODS_ROOT}/GoogleSignIn/Resources/GoogleSignIn.bundle",
			);
			name = "[CP] Copy Pods Resources";
			outputFileListPaths = (
			);
			outputPaths = (
				"${TARGET_BUILD_DIR}/${UNLOCALIZED_RESOURCES_FOLDER_PATH}/GoogleSignIn.bundle",
			);
			runOnlyForDeploymentPostprocessing = 0;
			shellPath = /bin/sh;
			shellScript = "\"${SRCROOT}/Pods/Target Support Files/Pods-NotesNew/Pods-NotesNew-resources.sh\"\n";
			showEnvVarsInLog = 0;
		};
		F25FECE04AAA4A2EE6BDB8C3 /* [CP] Embed Pods Frameworks */ = {
			isa = PBXShellScriptBuildPhase;
			buildActionMask = 2147483647;
			files = (
			);
			inputFileListPaths = (
			);
			inputPaths = (
				"${SRCROOT}/Pods/Target Support Files/Pods-NotesNew/Pods-NotesNew-frameworks.sh",
				"${BUILT_PRODUCTS_DIR}/AWSAuthCore/AWSAuthCore.framework",
				"${BUILT_PRODUCTS_DIR}/AWSAuthUI/AWSAuthUI.framework",
				"${BUILT_PRODUCTS_DIR}/AWSCognitoIdentityProvider/AWSCognitoIdentityProvider.framework",
				"${BUILT_PRODUCTS_DIR}/AWSCognitoIdentityProviderASF/AWSCognitoIdentityProviderASF.framework",
				"${BUILT_PRODUCTS_DIR}/AWSCore/AWSCore.framework",
				"${BUILT_PRODUCTS_DIR}/AWSDynamoDB/AWSDynamoDB.framework",
				"${BUILT_PRODUCTS_DIR}/AWSFacebookSignIn/AWSFacebookSignIn.framework",
				"${BUILT_PRODUCTS_DIR}/AWSGoogleSignIn/AWSGoogleSignIn.framework",
				"${BUILT_PRODUCTS_DIR}/AWSMobileClient/AWSMobileClient.framework",
				"${BUILT_PRODUCTS_DIR}/AWSUserPoolsSignIn/AWSUserPoolsSignIn.framework",
				"${BUILT_PRODUCTS_DIR}/Bolts/Bolts.framework",
				"${BUILT_PRODUCTS_DIR}/FBSDKCoreKit/FBSDKCoreKit.framework",
				"${BUILT_PRODUCTS_DIR}/FBSDKLoginKit/FBSDKLoginKit.framework",
				"${BUILT_PRODUCTS_DIR}/GTMOAuth2/GTMOAuth2.framework",
				"${BUILT_PRODUCTS_DIR}/GTMSessionFetcher/GTMSessionFetcher.framework",
				"${BUILT_PRODUCTS_DIR}/GoogleToolboxForMac/GoogleToolboxForMac.framework",
			);
			name = "[CP] Embed Pods Frameworks";
			outputFileListPaths = (
			);
			outputPaths = (
				"${TARGET_BUILD_DIR}/${FRAMEWORKS_FOLDER_PATH}/AWSAuthCore.framework",
				"${TARGET_BUILD_DIR}/${FRAMEWORKS_FOLDER_PATH}/AWSAuthUI.framework",
				"${TARGET_BUILD_DIR}/${FRAMEWORKS_FOLDER_PATH}/AWSCognitoIdentityProvider.framework",
				"${TARGET_BUILD_DIR}/${FRAMEWORKS_FOLDER_PATH}/AWSCognitoIdentityProviderASF.framework",
				"${TARGET_BUILD_DIR}/${FRAMEWORKS_FOLDER_PATH}/AWSCore.framework",
				"${TARGET_BUILD_DIR}/${FRAMEWORKS_FOLDER_PATH}/AWSDynamoDB.framework",
				"${TARGET_BUILD_DIR}/${FRAMEWORKS_FOLDER_PATH}/AWSFacebookSignIn.framework",
				"${TARGET_BUILD_DIR}/${FRAMEWORKS_FOLDER_PATH}/AWSGoogleSignIn.framework",
				"${TARGET_BUILD_DIR}/${FRAMEWORKS_FOLDER_PATH}/AWSMobileClient.framework",
				"${TARGET_BUILD_DIR}/${FRAMEWORKS_FOLDER_PATH}/AWSUserPoolsSignIn.framework",
				"${TARGET_BUILD_DIR}/${FRAMEWORKS_FOLDER_PATH}/Bolts.framework",
				"${TARGET_BUILD_DIR}/${FRAMEWORKS_FOLDER_PATH}/FBSDKCoreKit.framework",
				"${TARGET_BUILD_DIR}/${FRAMEWORKS_FOLDER_PATH}/FBSDKLoginKit.framework",
				"${TARGET_BUILD_DIR}/${FRAMEWORKS_FOLDER_PATH}/GTMOAuth2.framework",
				"${TARGET_BUILD_DIR}/${FRAMEWORKS_FOLDER_PATH}/GTMSessionFetcher.framework",
				"${TARGET_BUILD_DIR}/${FRAMEWORKS_FOLDER_PATH}/GoogleToolboxForMac.framework",
			);
			runOnlyForDeploymentPostprocessing = 0;
			shellPath = /bin/sh;
			shellScript = "\"${SRCROOT}/Pods/Target Support Files/Pods-NotesNew/Pods-NotesNew-frameworks.sh\"\n";
			showEnvVarsInLog = 0;
		};
/* End PBXShellScriptBuildPhase section */

/* Begin PBXSourcesBuildPhase section */
		8721E3A721A0AB18007C227F /* Sources */ = {
			isa = PBXSourcesBuildPhase;
			buildActionMask = 2147483647;
			files = (
				8721E3B121A0AB18007C227F /* ViewController.swift in Sources */,
				8721E3AF21A0AB18007C227F /* AppDelegate.swift in Sources */,
				872E53FF21A4BC2300770C2E /* Note.swift in Sources */,
			);
			runOnlyForDeploymentPostprocessing = 0;
		};
		8721E3BB21A0AB1B007C227F /* Sources */ = {
			isa = PBXSourcesBuildPhase;
			buildActionMask = 2147483647;
			files = (
				8721E3C421A0AB1B007C227F /* NotesNewTests.swift in Sources */,
			);
			runOnlyForDeploymentPostprocessing = 0;
		};
		8721E3C621A0AB1B007C227F /* Sources */ = {
			isa = PBXSourcesBuildPhase;
			buildActionMask = 2147483647;
			files = (
				8721E3CF21A0AB1B007C227F /* NotesNewUITests.swift in Sources */,
			);
			runOnlyForDeploymentPostprocessing = 0;
		};
/* End PBXSourcesBuildPhase section */

/* Begin PBXTargetDependency section */
		8721E3C121A0AB1B007C227F /* PBXTargetDependency */ = {
			isa = PBXTargetDependency;
			target = 8721E3AA21A0AB18007C227F /* NotesNew */;
			targetProxy = 8721E3C021A0AB1B007C227F /* PBXContainerItemProxy */;
		};
		8721E3CC21A0AB1B007C227F /* PBXTargetDependency */ = {
			isa = PBXTargetDependency;
			target = 8721E3AA21A0AB18007C227F /* NotesNew */;
			targetProxy = 8721E3CB21A0AB1B007C227F /* PBXContainerItemProxy */;
		};
/* End PBXTargetDependency section */

/* Begin PBXVariantGroup section */
		8721E3B221A0AB18007C227F /* Main.storyboard */ = {
			isa = PBXVariantGroup;
			children = (
				8721E3B321A0AB18007C227F /* Base */,
			);
			name = Main.storyboard;
			sourceTree = "<group>";
		};
		8721E3B721A0AB1B007C227F /* LaunchScreen.storyboard */ = {
			isa = PBXVariantGroup;
			children = (
				8721E3B821A0AB1B007C227F /* Base */,
			);
			name = LaunchScreen.storyboard;
			sourceTree = "<group>";
		};
/* End PBXVariantGroup section */

/* Begin XCBuildConfiguration section */
		8721E3D121A0AB1B007C227F /* Debug */ = {
			isa = XCBuildConfiguration;
			buildSettings = {
				ALWAYS_SEARCH_USER_PATHS = NO;
				CLANG_ANALYZER_NONNULL = YES;
				CLANG_ANALYZER_NUMBER_OBJECT_CONVERSION = YES_AGGRESSIVE;
				CLANG_CXX_LANGUAGE_STANDARD = "gnu++14";
				CLANG_CXX_LIBRARY = "libc++";
				CLANG_ENABLE_MODULES = YES;
				CLANG_ENABLE_OBJC_ARC = YES;
				CLANG_ENABLE_OBJC_WEAK = YES;
				CLANG_WARN_BLOCK_CAPTURE_AUTORELEASING = YES;
				CLANG_WARN_BOOL_CONVERSION = YES;
				CLANG_WARN_COMMA = YES;
				CLANG_WARN_CONSTANT_CONVERSION = YES;
				CLANG_WARN_DEPRECATED_OBJC_IMPLEMENTATIONS = YES;
				CLANG_WARN_DIRECT_OBJC_ISA_USAGE = YES_ERROR;
				CLANG_WARN_DOCUMENTATION_COMMENTS = YES;
				CLANG_WARN_EMPTY_BODY = YES;
				CLANG_WARN_ENUM_CONVERSION = YES;
				CLANG_WARN_INFINITE_RECURSION = YES;
				CLANG_WARN_INT_CONVERSION = YES;
				CLANG_WARN_NON_LITERAL_NULL_CONVERSION = YES;
				CLANG_WARN_OBJC_IMPLICIT_RETAIN_SELF = YES;
				CLANG_WARN_OBJC_LITERAL_CONVERSION = YES;
				CLANG_WARN_OBJC_ROOT_CLASS = YES_ERROR;
				CLANG_WARN_RANGE_LOOP_ANALYSIS = YES;
				CLANG_WARN_STRICT_PROTOTYPES = YES;
				CLANG_WARN_SUSPICIOUS_MOVE = YES;
				CLANG_WARN_UNGUARDED_AVAILABILITY = YES_AGGRESSIVE;
				CLANG_WARN_UNREACHABLE_CODE = YES;
				CLANG_WARN__DUPLICATE_METHOD_MATCH = YES;
				CODE_SIGN_IDENTITY = "iPhone Developer";
				COPY_PHASE_STRIP = NO;
				DEBUG_INFORMATION_FORMAT = dwarf;
				ENABLE_STRICT_OBJC_MSGSEND = YES;
				ENABLE_TESTABILITY = YES;
				GCC_C_LANGUAGE_STANDARD = gnu11;
				GCC_DYNAMIC_NO_PIC = NO;
				GCC_NO_COMMON_BLOCKS = YES;
				GCC_OPTIMIZATION_LEVEL = 0;
				GCC_PREPROCESSOR_DEFINITIONS = (
					"DEBUG=1",
					"$(inherited)",
				);
				GCC_WARN_64_TO_32_BIT_CONVERSION = YES;
				GCC_WARN_ABOUT_RETURN_TYPE = YES_ERROR;
				GCC_WARN_UNDECLARED_SELECTOR = YES;
				GCC_WARN_UNINITIALIZED_AUTOS = YES_AGGRESSIVE;
				GCC_WARN_UNUSED_FUNCTION = YES;
				GCC_WARN_UNUSED_VARIABLE = YES;
				IPHONEOS_DEPLOYMENT_TARGET = 12.1;
				MTL_ENABLE_DEBUG_INFO = INCLUDE_SOURCE;
				MTL_FAST_MATH = YES;
				ONLY_ACTIVE_ARCH = YES;
				SDKROOT = iphoneos;
				SWIFT_ACTIVE_COMPILATION_CONDITIONS = DEBUG;
				SWIFT_OPTIMIZATION_LEVEL = "-Onone";
			};
			name = Debug;
		};
		8721E3D221A0AB1B007C227F /* Release */ = {
			isa = XCBuildConfiguration;
			buildSettings = {
				ALWAYS_SEARCH_USER_PATHS = NO;
				CLANG_ANALYZER_NONNULL = YES;
				CLANG_ANALYZER_NUMBER_OBJECT_CONVERSION = YES_AGGRESSIVE;
				CLANG_CXX_LANGUAGE_STANDARD = "gnu++14";
				CLANG_CXX_LIBRARY = "libc++";
				CLANG_ENABLE_MODULES = YES;
				CLANG_ENABLE_OBJC_ARC = YES;
				CLANG_ENABLE_OBJC_WEAK = YES;
				CLANG_WARN_BLOCK_CAPTURE_AUTORELEASING = YES;
				CLANG_WARN_BOOL_CONVERSION = YES;
				CLANG_WARN_COMMA = YES;
				CLANG_WARN_CONSTANT_CONVERSION = YES;
				CLANG_WARN_DEPRECATED_OBJC_IMPLEMENTATIONS = YES;
				CLANG_WARN_DIRECT_OBJC_ISA_USAGE = YES_ERROR;
				CLANG_WARN_DOCUMENTATION_COMMENTS = YES;
				CLANG_WARN_EMPTY_BODY = YES;
				CLANG_WARN_ENUM_CONVERSION = YES;
				CLANG_WARN_INFINITE_RECURSION = YES;
				CLANG_WARN_INT_CONVERSION = YES;
				CLANG_WARN_NON_LITERAL_NULL_CONVERSION = YES;
				CLANG_WARN_OBJC_IMPLICIT_RETAIN_SELF = YES;
				CLANG_WARN_OBJC_LITERAL_CONVERSION = YES;
				CLANG_WARN_OBJC_ROOT_CLASS = YES_ERROR;
				CLANG_WARN_RANGE_LOOP_ANALYSIS = YES;
				CLANG_WARN_STRICT_PROTOTYPES = YES;
				CLANG_WARN_SUSPICIOUS_MOVE = YES;
				CLANG_WARN_UNGUARDED_AVAILABILITY = YES_AGGRESSIVE;
				CLANG_WARN_UNREACHABLE_CODE = YES;
				CLANG_WARN__DUPLICATE_METHOD_MATCH = YES;
				CODE_SIGN_IDENTITY = "iPhone Developer";
				COPY_PHASE_STRIP = NO;
				DEBUG_INFORMATION_FORMAT = "dwarf-with-dsym";
				ENABLE_NS_ASSERTIONS = NO;
				ENABLE_STRICT_OBJC_MSGSEND = YES;
				GCC_C_LANGUAGE_STANDARD = gnu11;
				GCC_NO_COMMON_BLOCKS = YES;
				GCC_WARN_64_TO_32_BIT_CONVERSION = YES;
				GCC_WARN_ABOUT_RETURN_TYPE = YES_ERROR;
				GCC_WARN_UNDECLARED_SELECTOR = YES;
				GCC_WARN_UNINITIALIZED_AUTOS = YES_AGGRESSIVE;
				GCC_WARN_UNUSED_FUNCTION = YES;
				GCC_WARN_UNUSED_VARIABLE = YES;
				IPHONEOS_DEPLOYMENT_TARGET = 12.1;
				MTL_ENABLE_DEBUG_INFO = NO;
				MTL_FAST_MATH = YES;
				SDKROOT = iphoneos;
				SWIFT_COMPILATION_MODE = wholemodule;
				SWIFT_OPTIMIZATION_LEVEL = "-O";
				VALIDATE_PRODUCT = YES;
			};
			name = Release;
		};
		8721E3D421A0AB1B007C227F /* Debug */ = {
			isa = XCBuildConfiguration;
			baseConfigurationReference = 09354E2CEA87B26D620A97A5 /* Pods-NotesNew.debug.xcconfig */;
			buildSettings = {
				ASSETCATALOG_COMPILER_APPICON_NAME = AppIcon;
				CODE_SIGN_STYLE = Automatic;
				INFOPLIST_FILE = NotesNew/Info.plist;
				LD_RUNPATH_SEARCH_PATHS = (
					"$(inherited)",
					"@executable_path/Frameworks",
				);
				PRODUCT_BUNDLE_IDENTIFIER = com.smitha.NotesNew;
				PRODUCT_NAME = "$(TARGET_NAME)";
				SWIFT_VERSION = 4.2;
				TARGETED_DEVICE_FAMILY = "1,2";
			};
			name = Debug;
		};
		8721E3D521A0AB1B007C227F /* Release */ = {
			isa = XCBuildConfiguration;
			baseConfigurationReference = B6791416C65992C355D11208 /* Pods-NotesNew.release.xcconfig */;
			buildSettings = {
				ASSETCATALOG_COMPILER_APPICON_NAME = AppIcon;
				CODE_SIGN_STYLE = Automatic;
				INFOPLIST_FILE = NotesNew/Info.plist;
				LD_RUNPATH_SEARCH_PATHS = (
					"$(inherited)",
					"@executable_path/Frameworks",
				);
				PRODUCT_BUNDLE_IDENTIFIER = com.smitha.NotesNew;
				PRODUCT_NAME = "$(TARGET_NAME)";
				SWIFT_VERSION = 4.2;
				TARGETED_DEVICE_FAMILY = "1,2";
			};
			name = Release;
		};
		8721E3D721A0AB1B007C227F /* Debug */ = {
			isa = XCBuildConfiguration;
			baseConfigurationReference = 23312F3BFE93C3AB52B228AC /* Pods-NotesNewTests.debug.xcconfig */;
			buildSettings = {
				ALWAYS_EMBED_SWIFT_STANDARD_LIBRARIES = YES;
				BUNDLE_LOADER = "$(TEST_HOST)";
				CODE_SIGN_STYLE = Automatic;
				INFOPLIST_FILE = NotesNewTests/Info.plist;
				LD_RUNPATH_SEARCH_PATHS = (
					"$(inherited)",
					"@executable_path/Frameworks",
					"@loader_path/Frameworks",
				);
				PRODUCT_BUNDLE_IDENTIFIER = com.smitha.NotesNewTests;
				PRODUCT_NAME = "$(TARGET_NAME)";
				SWIFT_VERSION = 4.2;
				TARGETED_DEVICE_FAMILY = "1,2";
				TEST_HOST = "$(BUILT_PRODUCTS_DIR)/NotesNew.app/NotesNew";
			};
			name = Debug;
		};
		8721E3D821A0AB1B007C227F /* Release */ = {
			isa = XCBuildConfiguration;
			baseConfigurationReference = 11BAFAE5B5FA6915F3A81C01 /* Pods-NotesNewTests.release.xcconfig */;
			buildSettings = {
				ALWAYS_EMBED_SWIFT_STANDARD_LIBRARIES = YES;
				BUNDLE_LOADER = "$(TEST_HOST)";
				CODE_SIGN_STYLE = Automatic;
				INFOPLIST_FILE = NotesNewTests/Info.plist;
				LD_RUNPATH_SEARCH_PATHS = (
					"$(inherited)",
					"@executable_path/Frameworks",
					"@loader_path/Frameworks",
				);
				PRODUCT_BUNDLE_IDENTIFIER = com.smitha.NotesNewTests;
				PRODUCT_NAME = "$(TARGET_NAME)";
				SWIFT_VERSION = 4.2;
				TARGETED_DEVICE_FAMILY = "1,2";
				TEST_HOST = "$(BUILT_PRODUCTS_DIR)/NotesNew.app/NotesNew";
			};
			name = Release;
		};
		8721E3DA21A0AB1B007C227F /* Debug */ = {
			isa = XCBuildConfiguration;
			baseConfigurationReference = 5F53C87BD8F7B9CEC3971AD5 /* Pods-NotesNewUITests.debug.xcconfig */;
			buildSettings = {
				ALWAYS_EMBED_SWIFT_STANDARD_LIBRARIES = YES;
				CODE_SIGN_STYLE = Automatic;
				INFOPLIST_FILE = NotesNewUITests/Info.plist;
				LD_RUNPATH_SEARCH_PATHS = (
					"$(inherited)",
					"@executable_path/Frameworks",
					"@loader_path/Frameworks",
				);
				PRODUCT_BUNDLE_IDENTIFIER = com.smitha.NotesNewUITests;
				PRODUCT_NAME = "$(TARGET_NAME)";
				SWIFT_VERSION = 4.2;
				TARGETED_DEVICE_FAMILY = "1,2";
				TEST_TARGET_NAME = NotesNew;
			};
			name = Debug;
		};
		8721E3DB21A0AB1B007C227F /* Release */ = {
			isa = XCBuildConfiguration;
			baseConfigurationReference = 3D32C2CDBDDC67BF91A7B6AF /* Pods-NotesNewUITests.release.xcconfig */;
			buildSettings = {
				ALWAYS_EMBED_SWIFT_STANDARD_LIBRARIES = YES;
				CODE_SIGN_STYLE = Automatic;
				INFOPLIST_FILE = NotesNewUITests/Info.plist;
				LD_RUNPATH_SEARCH_PATHS = (
					"$(inherited)",
					"@executable_path/Frameworks",
					"@loader_path/Frameworks",
				);
				PRODUCT_BUNDLE_IDENTIFIER = com.smitha.NotesNewUITests;
				PRODUCT_NAME = "$(TARGET_NAME)";
				SWIFT_VERSION = 4.2;
				TARGETED_DEVICE_FAMILY = "1,2";
				TEST_TARGET_NAME = NotesNew;
			};
			name = Release;
		};
/* End XCBuildConfiguration section */

/* Begin XCConfigurationList section */
		8721E3A621A0AB18007C227F /* Build configuration list for PBXProject "NotesNew" */ = {
			isa = XCConfigurationList;
			buildConfigurations = (
				8721E3D121A0AB1B007C227F /* Debug */,
				8721E3D221A0AB1B007C227F /* Release */,
			);
			defaultConfigurationIsVisible = 0;
			defaultConfigurationName = Release;
		};
		8721E3D321A0AB1B007C227F /* Build configuration list for PBXNativeTarget "NotesNew" */ = {
			isa = XCConfigurationList;
			buildConfigurations = (
				8721E3D421A0AB1B007C227F /* Debug */,
				8721E3D521A0AB1B007C227F /* Release */,
			);
			defaultConfigurationIsVisible = 0;
			defaultConfigurationName = Release;
		};
		8721E3D621A0AB1B007C227F /* Build configuration list for PBXNativeTarget "NotesNewTests" */ = {
			isa = XCConfigurationList;
			buildConfigurations = (
				8721E3D721A0AB1B007C227F /* Debug */,
				8721E3D821A0AB1B007C227F /* Release */,
			);
			defaultConfigurationIsVisible = 0;
			defaultConfigurationName = Release;
		};
		8721E3D921A0AB1B007C227F /* Build configuration list for PBXNativeTarget "NotesNewUITests" */ = {
			isa = XCConfigurationList;
			buildConfigurations = (
				8721E3DA21A0AB1B007C227F /* Debug */,
				8721E3DB21A0AB1B007C227F /* Release */,
			);
			defaultConfigurationIsVisible = 0;
			defaultConfigurationName = Release;
		};
/* End XCConfigurationList section */
	};
	rootObject = 8721E3A321A0AB18007C227F /* Project object */;
}
